
Microsoft Visual Studio Solution File, Format Version 12.00
# Visual Studio Version 17
VisualStudioVersion = 17.4.33403.182
MinimumVisualStudioVersion = 10.0.40219.1
Project("{FAE04EC0-301F-11D3-BF4B-00C04F79EFBC}") = "LabSimmod9", "LabSimmod9\LabSimmod9.csproj", "{E3F790E1-38D1-432D-ACAC-C71F6E380E5C}"
EndProject
Global
	GlobalSection(SolutionConfigurationPlatforms) = preSolution
		Debug|Any CPU = Debug|Any CPU
		Release|Any CPU = Release|Any CPU
	EndGlobalSection
	GlobalSection(ProjectConfigurationPlatforms) = postSolution
		{E3F790E1-38D1-432D-ACAC-C71F6E380E5C}.Debug|Any CPU.ActiveCfg = Debug|Any CPU
		{E3F790E1-38D1-432D-ACAC-C71F6E380E5C}.Debug|Any CPU.Build.0 = Debug|Any CPU
		{E3F790E1-38D1-432D-ACAC-C71F6E380E5C}.Release|Any CPU.ActiveCfg = Release|Any CPU
		{E3F790E1-38D1-432D-ACAC-C71F6E380E5C}.Release|Any CPU.Build.0 = Release|Any CPU
	EndGlobalSection
	GlobalSection(SolutionProperties) = preSolution
		HideSolutionNode = FALSE
	EndGlobalSection
	GlobalSection(ExtensibilityGlobals) = postSolution
		SolutionGuid = {E9D4CD9C-ABBF-46E1-9118-EE9E2BBCD3B3}
	EndGlobalSection
EndGlobal
